// !$*UTF8*$!
{
	archiveVersion = 1;
	classes = {
	};
	objectVersion = 50;
	objects = {

/* Begin PBXBuildFile section */
		2E44C58E22C5E7ED000E0DE8 /* AppDelegate.swift in Sources */ = {isa = PBXBuildFile; fileRef = 2E44C58D22C5E7ED000E0DE8 /* AppDelegate.swift */; };
		2E44C59022C5E7ED000E0DE8 /* ViewController.swift in Sources */ = {isa = PBXBuildFile; fileRef = 2E44C58F22C5E7ED000E0DE8 /* ViewController.swift */; };
		2E44C59322C5E7ED000E0DE8 /* Main.storyboard in Resources */ = {isa = PBXBuildFile; fileRef = 2E44C59122C5E7ED000E0DE8 /* Main.storyboard */; };
		2E44C59622C5E7ED000E0DE8 /* Paging.xcdatamodeld in Sources */ = {isa = PBXBuildFile; fileRef = 2E44C59422C5E7ED000E0DE8 /* Paging.xcdatamodeld */; };
		2E44C59822C5E7F1000E0DE8 /* Assets.xcassets in Resources */ = {isa = PBXBuildFile; fileRef = 2E44C59722C5E7F1000E0DE8 /* Assets.xcassets */; };
		2E44C59B22C5E7F1000E0DE8 /* LaunchScreen.storyboard in Resources */ = {isa = PBXBuildFile; fileRef = 2E44C59922C5E7F1000E0DE8 /* LaunchScreen.storyboard */; };
		2EF841EF22CF39D70096CE73 /* SegmentControl.swift in Sources */ = {isa = PBXBuildFile; fileRef = 2EF841ED22CF39D70096CE73 /* SegmentControl.swift */; };
		2EF841F022CF39D70096CE73 /* PagingScrollView.swift in Sources */ = {isa = PBXBuildFile; fileRef = 2EF841EE22CF39D70096CE73 /* PagingScrollView.swift */; };
/* End PBXBuildFile section */

/* Begin PBXFileReference section */
		2E44C58A22C5E7ED000E0DE8 /* Paging.app */ = {isa = PBXFileReference; explicitFileType = wrapper.application; includeInIndex = 0; path = Paging.app; sourceTree = BUILT_PRODUCTS_DIR; };
		2E44C58D22C5E7ED000E0DE8 /* AppDelegate.swift */ = {isa = PBXFileReference; lastKnownFileType = sourcecode.swift; path = AppDelegate.swift; sourceTree = "<group>"; };
		2E44C58F22C5E7ED000E0DE8 /* ViewController.swift */ = {isa = PBXFileReference; lastKnownFileType = sourcecode.swift; path = ViewController.swift; sourceTree = "<group>"; };
		2E44C59222C5E7ED000E0DE8 /* Base */ = {isa = PBXFileReference; lastKnownFileType = file.storyboard; name = Base; path = Base.lproj/Main.storyboard; sourceTree = "<group>"; };
		2E44C59522C5E7ED000E0DE8 /* Paging.xcdatamodel */ = {isa = PBXFileReference; lastKnownFileType = wrapper.xcdatamodel; path = Paging.xcdatamodel; sourceTree = "<group>"; };
		2E44C59722C5E7F1000E0DE8 /* Assets.xcassets */ = {isa = PBXFileReference; lastKnownFileType = folder.assetcatalog; path = Assets.xcassets; sourceTree = "<group>"; };
		2E44C59A22C5E7F1000E0DE8 /* Base */ = {isa = PBXFileReference; lastKnownFileType = file.storyboard; name = Base; path = Base.lproj/LaunchScreen.storyboard; sourceTree = "<group>"; };
		2E44C59C22C5E7F1000E0DE8 /* Info.plist */ = {isa = PBXFileReference; lastKnownFileType = text.plist.xml; path = Info.plist; sourceTree = "<group>"; };
		2EF841ED22CF39D70096CE73 /* SegmentControl.swift */ = {isa = PBXFileReference; fileEncoding = 4; lastKnownFileType = sourcecode.swift; name = SegmentControl.swift; path = ../../RGMPagingScrollView_swift/SegmentControl.swift; sourceTree = "<group>"; };
		2EF841EE22CF39D70096CE73 /* PagingScrollView.swift */ = {isa = PBXFileReference; fileEncoding = 4; lastKnownFileType = sourcecode.swift; name = PagingScrollView.swift; path = ../../RGMPagingScrollView_swift/PagingScrollView.swift; sourceTree = "<group>"; };
/* End PBXFileReference section */

/* Begin PBXFrameworksBuildPhase section */
		2E44C58722C5E7ED000E0DE8 /* Frameworks */ = {
			isa = PBXFrameworksBuildPhase;
			buildActionMask = 2147483647;
			files = (
			);
			runOnlyForDeploymentPostprocessing = 0;
		};
/* End PBXFrameworksBuildPhase section */

/* Begin PBXGroup section */
		2E44C58122C5E7ED000E0DE8 = {
			isa = PBXGroup;
			children = (
				2E44C58C22C5E7ED000E0DE8 /* Paging */,
				2E44C58B22C5E7ED000E0DE8 /* Products */,
			);
			sourceTree = "<group>";
		};
		2E44C58B22C5E7ED000E0DE8 /* Products */ = {
			isa = PBXGroup;
			children = (
				2E44C58A22C5E7ED000E0DE8 /* Paging.app */,
			);
			name = Products;
			sourceTree = "<group>";
		};
		2E44C58C22C5E7ED000E0DE8 /* Paging */ = {
			isa = PBXGroup;
			children = (
				2E44C58D22C5E7ED000E0DE8 /* AppDelegate.swift */,
				2E44C58F22C5E7ED000E0DE8 /* ViewController.swift */,
				2EF841EE22CF39D70096CE73 /* PagingScrollView.swift */,
				2EF841ED22CF39D70096CE73 /* SegmentControl.swift */,
				2E44C59122C5E7ED000E0DE8 /* Main.storyboard */,
				2E44C59722C5E7F1000E0DE8 /* Assets.xcassets */,
				2E44C59922C5E7F1000E0DE8 /* LaunchScreen.storyboard */,
				2E44C59C22C5E7F1000E0DE8 /* Info.plist */,
				2E44C59422C5E7ED000E0DE8 /* Paging.xcdatamodeld */,
			);
			path = Paging;
			sourceTree = "<group>";
		};
/* End PBXGroup section */

/* Begin PBXNativeTarget section */
		2E44C58922C5E7ED000E0DE8 /* Paging */ = {
			isa = PBXNativeTarget;
			buildConfigurationList = 2E44C59F22C5E7F1000E0DE8 /* Build configuration list for PBXNativeTarget "Paging" */;
			buildPhases = (
				2E44C58622C5E7ED000E0DE8 /* Sources */,
				2E44C58722C5E7ED000E0DE8 /* Frameworks */,
				2E44C58822C5E7ED000E0DE8 /* Resources */,
			);
			buildRules = (
			);
			dependencies = (
			);
			name = Paging;
			productName = Paging;
			productReference = 2E44C58A22C5E7ED000E0DE8 /* Paging.app */;
			productType = "com.apple.product-type.application";
		};
/* End PBXNativeTarget section */

/* Begin PBXProject section */
		2E44C58222C5E7ED000E0DE8 /* Project object */ = {
			isa = PBXProject;
			attributes = {
				LastSwiftUpdateCheck = 1020;
				LastUpgradeCheck = 1020;
				ORGANIZATIONNAME = Squirrel;
				TargetAttributes = {
					2E44C58922C5E7ED000E0DE8 = {
						CreatedOnToolsVersion = 10.2.1;
					};
				};
			};
			buildConfigurationList = 2E44C58522C5E7ED000E0DE8 /* Build configuration list for PBXProject "Paging" */;
			compatibilityVersion = "Xcode 9.3";
			developmentRegion = en;
			hasScannedForEncodings = 0;
			knownRegions = (
				en,
				Base,
			);
			mainGroup = 2E44C58122C5E7ED000E0DE8;
			productRefGroup = 2E44C58B22C5E7ED000E0DE8 /* Products */;
			projectDirPath = "";
			projectRoot = "";
			targets = (
				2E44C58922C5E7ED000E0DE8 /* Paging */,
			);
		};
/* End PBXProject section */

/* Begin PBXResourcesBuildPhase section */
		2E44C58822C5E7ED000E0DE8 /* Resources */ = {
			isa = PBXResourcesBuildPhase;
			buildActionMask = 2147483647;
			files = (
				2E44C59B22C5E7F1000E0DE8 /* LaunchScreen.storyboard in Resources */,
				2E44C59822C5E7F1000E0DE8 /* Assets.xcassets in Resources */,
				2E44C59322C5E7ED000E0DE8 /* Main.storyboard in Resources */,
			);
			runOnlyForDeploymentPostprocessing = 0;
		};
/* End PBXResourcesBuildPhase section */

/* Begin PBXSourcesBuildPhase section */
		2E44C58622C5E7ED000E0DE8 /* Sources */ = {
			isa = PBXSourcesBuildPhase;
			buildActionMask = 2147483647;
			files = (
				2E44C59022C5E7ED000E0DE8 /* ViewController.swift in Sources */,
				2E44C58E22C5E7ED000E0DE8 /* AppDelegate.swift in Sources */,
				2E44C59622C5E7ED000E0DE8 /* Paging.xcdatamodeld in Sources */,
				2EF841EF22CF39D70096CE73 /* SegmentControl.swift in Sources */,
				2EF841F022CF39D70096CE73 /* PagingScrollView.swift in Sources */,
			);
			runOnlyForDeploymentPostprocessing = 0;
		};
/* End PBXSourcesBuildPhase section */

/* Begin PBXVariantGroup section */
		2E44C59122C5E7ED000E0DE8 /* Main.storyboard */ = {
			isa = PBXVariantGroup;
			children = (
				2E44C59222C5E7ED000E0DE8 /* Base */,
			);
			name = Main.storyboard;
			sourceTree = "<group>";
		};
		2E44C59922C5E7F1000E0DE8 /* LaunchScreen.storyboard */ = {
			isa = PBXVariantGroup;
			children = (
				2E44C59A22C5E7F1000E0DE8 /* Base */,
			);
			name = LaunchScreen.storyboard;
			sourceTree = "<group>";
		};
/* End PBXVariantGroup section */

/* Begin XCBuildConfiguration section */
		2E44C59D22C5E7F1000E0DE8 /* Debug */ = {
			isa = XCBuildConfiguration;
			buildSettings = {
				ALWAYS_SEARCH_USER_PATHS = NO;
				CLANG_ANALYZER_NONNULL = YES;
				CLANG_ANALYZER_NUMBER_OBJECT_CONVERSION = YES_AGGRESSIVE;
				CLANG_CXX_LANGUAGE_STANDARD = "gnu++14";
				CLANG_CXX_LIBRARY = "libc++";
				CLANG_ENABLE_MODULES = YES;
				CLANG_ENABLE_OBJC_ARC = YES;
				CLANG_ENABLE_OBJC_WEAK = YES;
				CLANG_WARN_BLOCK_CAPTURE_AUTORELEASING = YES;
				CLANG_WARN_BOOL_CONVERSION = YES;
				CLANG_WARN_COMMA = YES;
				CLANG_WARN_CONSTANT_CONVERSION = YES;
				CLANG_WARN_DEPRECATED_OBJC_IMPLEMENTATIONS = YES;
				CLANG_WARN_DIRECT_OBJC_ISA_USAGE = YES_ERROR;
				CLANG_WARN_DOCUMENTATION_COMMENTS = YES;
				CLANG_WARN_EMPTY_BODY = YES;
				CLANG_WARN_ENUM_CONVERSION = YES;
				CLANG_WARN_INFINITE_RECURSION = YES;
				CLANG_WARN_INT_CONVERSION = YES;
				CLANG_WARN_NON_LITERAL_NULL_CONVERSION = YES;
				CLANG_WARN_OBJC_IMPLICIT_RETAIN_SELF = YES;
				CLANG_WARN_OBJC_LITERAL_CONVERSION = YES;
				CLANG_WARN_OBJC_ROOT_CLASS = YES_ERROR;
				CLANG_WARN_RANGE_LOOP_ANALYSIS = YES;
				CLANG_WARN_STRICT_PROTOTYPES = YES;
				CLANG_WARN_SUSPICIOUS_MOVE = YES;
				CLANG_WARN_UNGUARDED_AVAILABILITY = YES_AGGRESSIVE;
				CLANG_WARN_UNREACHABLE_CODE = YES;
				CLANG_WARN__DUPLICATE_METHOD_MATCH = YES;
				CODE_SIGN_IDENTITY = "iPhone Developer";
				COPY_PHASE_STRIP = NO;
				DEBUG_INFORMATION_FORMAT = dwarf;
				ENABLE_STRICT_OBJC_MSGSEND = YES;
				ENABLE_TESTABILITY = YES;
				GCC_C_LANGUAGE_STANDARD = gnu11;
				GCC_DYNAMIC_NO_PIC = NO;
				GCC_NO_COMMON_BLOCKS = YES;
				GCC_OPTIMIZATION_LEVEL = 0;
				GCC_PREPROCESSOR_DEFINITIONS = (
					"DEBUG=1",
					"$(inherited)",
				);
				GCC_WARN_64_TO_32_BIT_CONVERSION = YES;
				GCC_WARN_ABOUT_RETURN_TYPE = YES_ERROR;
				GCC_WARN_UNDECLARED_SELECTOR = YES;
				GCC_WARN_UNINITIALIZED_AUTOS = YES_AGGRESSIVE;
				GCC_WARN_UNUSED_FUNCTION = YES;
				GCC_WARN_UNUSED_VARIABLE = YES;
				IPHONEOS_DEPLOYMENT_TARGET = 12.2;
				MTL_ENABLE_DEBUG_INFO = INCLUDE_SOURCE;
				MTL_FAST_MATH = YES;
				ONLY_ACTIVE_ARCH = YES;
				SDKROOT = iphoneos;
				SWIFT_ACTIVE_COMPILATION_CONDITIONS = DEBUG;
				SWIFT_OPTIMIZATION_LEVEL = "-Onone";
			};
			name = Debug;
		};
		2E44C59E22C5E7F1000E0DE8 /* Release */ = {
			isa = XCBuildConfiguration;
			buildSettings = {
				ALWAYS_SEARCH_USER_PATHS = NO;
				CLANG_ANALYZER_NONNULL = YES;
				CLANG_ANALYZER_NUMBER_OBJECT_CONVERSION = YES_AGGRESSIVE;
				CLANG_CXX_LANGUAGE_STANDARD = "gnu++14";
				CLANG_CXX_LIBRARY = "libc++";
				CLANG_ENABLE_MODULES = YES;
				CLANG_ENABLE_OBJC_ARC = YES;
				CLANG_ENABLE_OBJC_WEAK = YES;
				CLANG_WARN_BLOCK_CAPTURE_AUTORELEASING = YES;
				CLANG_WARN_BOOL_CONVERSION = YES;
				CLANG_WARN_COMMA = YES;
				CLANG_WARN_CONSTANT_CONVERSION = YES;
				CLANG_WARN_DEPRECATED_OBJC_IMPLEMENTATIONS = YES;
				CLANG_WARN_DIRECT_OBJC_ISA_USAGE = YES_ERROR;
				CLANG_WARN_DOCUMENTATION_COMMENTS = YES;
				CLANG_WARN_EMPTY_BODY = YES;
				CLANG_WARN_ENUM_CONVERSION = YES;
				CLANG_WARN_INFINITE_RECURSION = YES;
				CLANG_WARN_INT_CONVERSION = YES;
				CLANG_WARN_NON_LITERAL_NULL_CONVERSION = YES;
				CLANG_WARN_OBJC_IMPLICIT_RETAIN_SELF = YES;
				CLANG_WARN_OBJC_LITERAL_CONVERSION = YES;
				CLANG_WARN_OBJC_ROOT_CLASS = YES_ERROR;
				CLANG_WARN_RANGE_LOOP_ANALYSIS = YES;
				CLANG_WARN_STRICT_PROTOTYPES = YES;
				CLANG_WARN_SUSPICIOUS_MOVE = YES;
				CLANG_WARN_UNGUARDED_AVAILABILITY = YES_AGGRESSIVE;
				CLANG_WARN_UNREACHABLE_CODE = YES;
				CLANG_WARN__DUPLICATE_METHOD_MATCH = YES;
				CODE_SIGN_IDENTITY = "iPhone Developer";
				COPY_PHASE_STRIP = NO;
				DEBUG_INFORMATION_FORMAT = "dwarf-with-dsym";
				ENABLE_NS_ASSERTIONS = NO;
				ENABLE_STRICT_OBJC_MSGSEND = YES;
				GCC_C_LANGUAGE_STANDARD = gnu11;
				GCC_NO_COMMON_BLOCKS = YES;
				GCC_WARN_64_TO_32_BIT_CONVERSION = YES;
				GCC_WARN_ABOUT_RETURN_TYPE = YES_ERROR;
				GCC_WARN_UNDECLARED_SELECTOR = YES;
				GCC_WARN_UNINITIALIZED_AUTOS = YES_AGGRESSIVE;
				GCC_WARN_UNUSED_FUNCTION = YES;
				GCC_WARN_UNUSED_VARIABLE = YES;
				IPHONEOS_DEPLOYMENT_TARGET = 12.2;
				MTL_ENABLE_DEBUG_INFO = NO;
				MTL_FAST_MATH = YES;
				SDKROOT = iphoneos;
				SWIFT_COMPILATION_MODE = wholemodule;
				SWIFT_OPTIMIZATION_LEVEL = "-O";
				VALIDATE_PRODUCT = YES;
			};
			name = Release;
		};
		2E44C5A022C5E7F1000E0DE8 /* Debug */ = {
			isa = XCBuildConfiguration;
			buildSettings = {
				ASSETCATALOG_COMPILER_APPICON_NAME = AppIcon;
				CODE_SIGN_STYLE = Automatic;
				INFOPLIST_FILE = Paging/Info.plist;
				LD_RUNPATH_SEARCH_PATHS = (
					"$(inherited)",
					"@executable_path/Frameworks",
				);
				PRODUCT_BUNDLE_IDENTIFIER = com.squirrel..Paging;
				PRODUCT_NAME = "$(TARGET_NAME)";
				SWIFT_VERSION = 5.0;
				TARGETED_DEVICE_FAMILY = "1,2";
			};
			name = Debug;
		};
		2E44C5A122C5E7F1000E0DE8 /* Release */ = {
			isa = XCBuildConfiguration;
			buildSettings = {
				ASSETCATALOG_COMPILER_APPICON_NAME = AppIcon;
				CODE_SIGN_STYLE = Automatic;
				INFOPLIST_FILE = Paging/Info.plist;
				LD_RUNPATH_SEARCH_PATHS = (
					"$(inherited)",
					"@executable_path/Frameworks",
				);
				PRODUCT_BUNDLE_IDENTIFIER = com.squirrel..Paging;
				PRODUCT_NAME = "$(TARGET_NAME)";
				SWIFT_VERSION = 5.0;
				TARGETED_DEVICE_FAMILY = "1,2";
			};
			name = Release;
		};
/* End XCBuildConfiguration section */

/* Begin XCConfigurationList section */
		2E44C58522C5E7ED000E0DE8 /* Build configuration list for PBXProject "Paging" */ = {
			isa = XCConfigurationList;
			buildConfigurations = (
				2E44C59D22C5E7F1000E0DE8 /* Debug */,
				2E44C59E22C5E7F1000E0DE8 /* Release */,
			);
			defaultConfigurationIsVisible = 0;
			defaultConfigurationName = Release;
		};
		2E44C59F22C5E7F1000E0DE8 /* Build configuration list for PBXNativeTarget "Paging" */ = {
			isa = XCConfigurationList;
			buildConfigurations = (
				2E44C5A022C5E7F1000E0DE8 /* Debug */,
				2E44C5A122C5E7F1000E0DE8 /* Release */,
			);
			defaultConfigurationIsVisible = 0;
			defaultConfigurationName = Release;
		};
/* End XCConfigurationList section */

/* Begin XCVersionGroup section */
		2E44C59422C5E7ED000E0DE8 /* Paging.xcdatamodeld */ = {
			isa = XCVersionGroup;
			children = (
				2E44C59522C5E7ED000E0DE8 /* Paging.xcdatamodel */,
			);
			currentVersion = 2E44C59522C5E7ED000E0DE8 /* Paging.xcdatamodel */;
			path = Paging.xcdatamodeld;
			sourceTree = "<group>";
			versionGroupType = wrapper.xcdatamodel;
		};
/* End XCVersionGroup section */
	};
	rootObject = 2E44C58222C5E7ED000E0DE8 /* Project object */;
}
